// !$*UTF8*$!
{
	archiveVersion = 1;
	classes = {
	};
	objectVersion = 54;
	objects = {

/* Begin PBXBuildFile section */
		4C4B11B62D786665005E733F /* ORLib in Frameworks */ = {isa = PBXBuildFile; productRef = 4C4B11B52D786665005E733F /* ORLib */; };
		4C4B11B92D7866D3005E733F /* FirebaseAnalytics in Frameworks */ = {isa = PBXBuildFile; productRef = 4C4B11B82D7866D3005E733F /* FirebaseAnalytics */; };
		4C4B11C42D78670C005E733F /* IQKeyboardManagerSwift in Frameworks */ = {isa = PBXBuildFile; productRef = 4C4B11C32D78670C005E733F /* IQKeyboardManagerSwift */; };
		4C4B11C62D786851005E733F /* ORLib in Frameworks */ = {isa = PBXBuildFile; productRef = 4C4B11C52D786851005E733F /* ORLib */; };
		4C4B11C92D786B16005E733F /* DropDown in Frameworks */ = {isa = PBXBuildFile; productRef = 4C4B11C82D786B16005E733F /* DropDown */; };
		4C4B11CB2D787829005E733F /* FirebaseCrashlytics in Frameworks */ = {isa = PBXBuildFile; productRef = 4C4B11CA2D787829005E733F /* FirebaseCrashlytics */; };
		4C4B11CD2D787829005E733F /* FirebaseMessaging in Frameworks */ = {isa = PBXBuildFile; productRef = 4C4B11CC2D787829005E733F /* FirebaseMessaging */; };
		4CEDA25D25405B1E00C47E3B /* GoogleService-Info.plist in Resources */ = {isa = PBXBuildFile; fileRef = 4CEDA25C25405B1E00C47E3B /* GoogleService-Info.plist */; };
		4CEDA2A7254074D100C47E3B /* Storyboard.storyboard in Resources */ = {isa = PBXBuildFile; fileRef = 4CEDA2A6254074D100C47E3B /* Storyboard.storyboard */; };
		4CEDA2CE254075D400C47E3B /* SplashViewController.swift in Sources */ = {isa = PBXBuildFile; fileRef = 4CEDA2CD254075D400C47E3B /* SplashViewController.swift */; };
		4CF3439127A13F2200EB5A0E /* String+Utils.swift in Sources */ = {isa = PBXBuildFile; fileRef = 4CF3439027A13F2200EB5A0E /* String+Utils.swift */; };
		878D2D0D249A490300011484 /* AppDelegate.swift in Sources */ = {isa = PBXBuildFile; fileRef = 878D2D0C249A490300011484 /* AppDelegate.swift */; };
		878D2D13249A490400011484 /* Assets.xcassets in Resources */ = {isa = PBXBuildFile; fileRef = 878D2D12249A490400011484 /* Assets.xcassets */; };
		878D2D16249A490400011484 /* Preview Assets.xcassets in Resources */ = {isa = PBXBuildFile; fileRef = 878D2D15249A490400011484 /* Preview Assets.xcassets */; };
		878D2D19249A490400011484 /* LaunchScreen.storyboard in Resources */ = {isa = PBXBuildFile; fileRef = 878D2D17249A490400011484 /* LaunchScreen.storyboard */; };
		878D2D27249A498900011484 /* NotificationService.swift in Sources */ = {isa = PBXBuildFile; fileRef = 878D2D26249A498900011484 /* NotificationService.swift */; };
		878D2D2B249A498900011484 /* NotificationService.appex in Embed App Extensions */ = {isa = PBXBuildFile; fileRef = 878D2D24249A498900011484 /* NotificationService.appex */; settings = {ATTRIBUTES = (RemoveHeadersOnCopy, ); }; };
		910893A0285DB30D00D4ABA7 /* WizardAppViewController.swift in Sources */ = {isa = PBXBuildFile; fileRef = 9108939F285DB30D00D4ABA7 /* WizardAppViewController.swift */; };
		910893A2285DB37C00D4ABA7 /* WizardDomainViewController.swift in Sources */ = {isa = PBXBuildFile; fileRef = 910893A1285DB37C00D4ABA7 /* WizardDomainViewController.swift */; };
		91543FDE293FA2F20009016E /* SettingsViewController.swift in Sources */ = {isa = PBXBuildFile; fileRef = 91543FDD293FA2F20009016E /* SettingsViewController.swift */; };
		915BFDFC29685A7200A4FD67 /* ProjectTableViewCell.swift in Sources */ = {isa = PBXBuildFile; fileRef = 915BFDFB29685A7200A4FD67 /* ProjectTableViewCell.swift */; };
		915C6F702D9BD07000D495BD /* ORLib in Frameworks */ = {isa = PBXBuildFile; productRef = 915C6F6F2D9BD07000D495BD /* ORLib */; };
		91658F952889C15D000FF05C /* WizardRealmViewController.swift in Sources */ = {isa = PBXBuildFile; fileRef = 91658F942889C15D000FF05C /* WizardRealmViewController.swift */; };
/* End PBXBuildFile section */

/* Begin PBXContainerItemProxy section */
		878D2D29249A498900011484 /* PBXContainerItemProxy */ = {
			isa = PBXContainerItemProxy;
			containerPortal = 878D2D01249A490300011484 /* Project object */;
			proxyType = 1;
			remoteGlobalIDString = 878D2D23249A498900011484;
			remoteInfo = NotificationService;
		};
/* End PBXContainerItemProxy section */

/* Begin PBXCopyFilesBuildPhase section */
		878D2D2C249A498900011484 /* Embed App Extensions */ = {
			isa = PBXCopyFilesBuildPhase;
			buildActionMask = 2147483647;
			dstPath = "";
			dstSubfolderSpec = 13;
			files = (
				878D2D2B249A498900011484 /* NotificationService.appex in Embed App Extensions */,
			);
			name = "Embed App Extensions";
			runOnlyForDeploymentPostprocessing = 0;
		};
/* End PBXCopyFilesBuildPhase section */

/* Begin PBXFileReference section */
		4C38E9C02548089A00E381C6 /* OpenRemote.entitlements */ = {isa = PBXFileReference; lastKnownFileType = text.plist.entitlements; path = OpenRemote.entitlements; sourceTree = "<group>"; };
		4C38E9C12548090200E381C6 /* NotificationService.entitlements */ = {isa = PBXFileReference; lastKnownFileType = text.plist.entitlements; path = NotificationService.entitlements; sourceTree = "<group>"; };
		4CEDA25C25405B1E00C47E3B /* GoogleService-Info.plist */ = {isa = PBXFileReference; fileEncoding = 4; lastKnownFileType = text.plist.xml; path = "GoogleService-Info.plist"; sourceTree = "<group>"; };
		4CEDA2A6254074D100C47E3B /* Storyboard.storyboard */ = {isa = PBXFileReference; lastKnownFileType = file.storyboard; path = Storyboard.storyboard; sourceTree = "<group>"; };
		4CEDA2CD254075D400C47E3B /* SplashViewController.swift */ = {isa = PBXFileReference; lastKnownFileType = sourcecode.swift; path = SplashViewController.swift; sourceTree = "<group>"; };
		4CF3439027A13F2200EB5A0E /* String+Utils.swift */ = {isa = PBXFileReference; lastKnownFileType = sourcecode.swift; path = "String+Utils.swift"; sourceTree = "<group>"; };
		878D2D09249A490300011484 /* OpenRemote.app */ = {isa = PBXFileReference; explicitFileType = wrapper.application; includeInIndex = 0; path = OpenRemote.app; sourceTree = BUILT_PRODUCTS_DIR; };
		878D2D0C249A490300011484 /* AppDelegate.swift */ = {isa = PBXFileReference; lastKnownFileType = sourcecode.swift; path = AppDelegate.swift; sourceTree = "<group>"; };
		878D2D12249A490400011484 /* Assets.xcassets */ = {isa = PBXFileReference; lastKnownFileType = folder.assetcatalog; path = Assets.xcassets; sourceTree = "<group>"; };
		878D2D15249A490400011484 /* Preview Assets.xcassets */ = {isa = PBXFileReference; lastKnownFileType = folder.assetcatalog; path = "Preview Assets.xcassets"; sourceTree = "<group>"; };
		878D2D18249A490400011484 /* Base */ = {isa = PBXFileReference; lastKnownFileType = file.storyboard; name = Base; path = Base.lproj/LaunchScreen.storyboard; sourceTree = "<group>"; };
		878D2D1A249A490400011484 /* Info.plist */ = {isa = PBXFileReference; lastKnownFileType = text.plist.xml; path = Info.plist; sourceTree = "<group>"; };
		878D2D24249A498900011484 /* NotificationService.appex */ = {isa = PBXFileReference; explicitFileType = "wrapper.app-extension"; includeInIndex = 0; path = NotificationService.appex; sourceTree = BUILT_PRODUCTS_DIR; };
		878D2D26249A498900011484 /* NotificationService.swift */ = {isa = PBXFileReference; lastKnownFileType = sourcecode.swift; path = NotificationService.swift; sourceTree = "<group>"; };
		878D2D28249A498900011484 /* Info.plist */ = {isa = PBXFileReference; lastKnownFileType = text.plist.xml; path = Info.plist; sourceTree = "<group>"; };
		9108939F285DB30D00D4ABA7 /* WizardAppViewController.swift */ = {isa = PBXFileReference; lastKnownFileType = sourcecode.swift; path = WizardAppViewController.swift; sourceTree = "<group>"; };
		910893A1285DB37C00D4ABA7 /* WizardDomainViewController.swift */ = {isa = PBXFileReference; lastKnownFileType = sourcecode.swift; path = WizardDomainViewController.swift; sourceTree = "<group>"; };
		91543FDD293FA2F20009016E /* SettingsViewController.swift */ = {isa = PBXFileReference; lastKnownFileType = sourcecode.swift; path = SettingsViewController.swift; sourceTree = "<group>"; };
		915BFDFB29685A7200A4FD67 /* ProjectTableViewCell.swift */ = {isa = PBXFileReference; lastKnownFileType = sourcecode.swift; path = ProjectTableViewCell.swift; sourceTree = "<group>"; };
		91658F8F28897BC0000FF05C /* README.md */ = {isa = PBXFileReference; lastKnownFileType = net.daringfireball.markdown; path = README.md; sourceTree = "<group>"; };
		91658F942889C15D000FF05C /* WizardRealmViewController.swift */ = {isa = PBXFileReference; lastKnownFileType = sourcecode.swift; path = WizardRealmViewController.swift; sourceTree = "<group>"; };
/* End PBXFileReference section */

/* Begin PBXFrameworksBuildPhase section */
		878D2D06249A490300011484 /* Frameworks */ = {
			isa = PBXFrameworksBuildPhase;
			buildActionMask = 2147483647;
			files = (
				4C4B11C42D78670C005E733F /* IQKeyboardManagerSwift in Frameworks */,
				4C4B11B92D7866D3005E733F /* FirebaseAnalytics in Frameworks */,
				4C4B11CD2D787829005E733F /* FirebaseMessaging in Frameworks */,
				4C4B11B62D786665005E733F /* ORLib in Frameworks */,
				4C4B11C92D786B16005E733F /* DropDown in Frameworks */,
				915C6F702D9BD07000D495BD /* ORLib in Frameworks */,
				4C4B11CB2D787829005E733F /* FirebaseCrashlytics in Frameworks */,
			);
			runOnlyForDeploymentPostprocessing = 0;
		};
		878D2D21249A498900011484 /* Frameworks */ = {
			isa = PBXFrameworksBuildPhase;
			buildActionMask = 2147483647;
			files = (
				4C4B11C62D786851005E733F /* ORLib in Frameworks */,
			);
			runOnlyForDeploymentPostprocessing = 0;
		};
/* End PBXFrameworksBuildPhase section */

/* Begin PBXGroup section */
		4CF3438F27A13F0400EB5A0E /* Utils */ = {
			isa = PBXGroup;
			children = (
				4CF3439027A13F2200EB5A0E /* String+Utils.swift */,
			);
			path = Utils;
			sourceTree = "<group>";
		};
		878D2D00249A490300011484 = {
			isa = PBXGroup;
			children = (
				91658F8F28897BC0000FF05C /* README.md */,
				878D2D0B249A490300011484 /* GenericApp */,
				878D2D25249A498900011484 /* NotificationService */,
				878D2D0A249A490300011484 /* Products */,
				E76367874E329A8C268BC128 /* Frameworks */,
			);
			sourceTree = "<group>";
		};
		878D2D0A249A490300011484 /* Products */ = {
			isa = PBXGroup;
			children = (
				878D2D09249A490300011484 /* OpenRemote.app */,
				878D2D24249A498900011484 /* NotificationService.appex */,
			);
			name = Products;
			sourceTree = "<group>";
		};
		878D2D0B249A490300011484 /* GenericApp */ = {
			isa = PBXGroup;
			children = (
				4C38E9C02548089A00E381C6 /* OpenRemote.entitlements */,
				4CEDA25C25405B1E00C47E3B /* GoogleService-Info.plist */,
				878D2D34249A50E500011484 /* UI */,
				4CF3438F27A13F0400EB5A0E /* Utils */,
				878D2D0C249A490300011484 /* AppDelegate.swift */,
				878D2D12249A490400011484 /* Assets.xcassets */,
				878D2D17249A490400011484 /* LaunchScreen.storyboard */,
				4CEDA2A6254074D100C47E3B /* Storyboard.storyboard */,
				878D2D1A249A490400011484 /* Info.plist */,
				878D2D14249A490400011484 /* Preview Content */,
			);
			path = GenericApp;
			sourceTree = "<group>";
		};
		878D2D14249A490400011484 /* Preview Content */ = {
			isa = PBXGroup;
			children = (
				878D2D15249A490400011484 /* Preview Assets.xcassets */,
			);
			path = "Preview Content";
			sourceTree = "<group>";
		};
		878D2D25249A498900011484 /* NotificationService */ = {
			isa = PBXGroup;
			children = (
				878D2D26249A498900011484 /* NotificationService.swift */,
				878D2D28249A498900011484 /* Info.plist */,
				4C38E9C12548090200E381C6 /* NotificationService.entitlements */,
			);
			path = NotificationService;
			sourceTree = "<group>";
		};
		878D2D34249A50E500011484 /* UI */ = {
			isa = PBXGroup;
			children = (
				4CEDA2CD254075D400C47E3B /* SplashViewController.swift */,
				9108939F285DB30D00D4ABA7 /* WizardAppViewController.swift */,
				910893A1285DB37C00D4ABA7 /* WizardDomainViewController.swift */,
				91658F942889C15D000FF05C /* WizardRealmViewController.swift */,
				91543FDD293FA2F20009016E /* SettingsViewController.swift */,
				915BFDFB29685A7200A4FD67 /* ProjectTableViewCell.swift */,
			);
			path = UI;
			sourceTree = "<group>";
		};
		E76367874E329A8C268BC128 /* Frameworks */ = {
			isa = PBXGroup;
			children = (
			);
			name = Frameworks;
			sourceTree = "<group>";
		};
/* End PBXGroup section */

/* Begin PBXNativeTarget section */
		878D2D08249A490300011484 /* GenericApp */ = {
			isa = PBXNativeTarget;
			buildConfigurationList = 878D2D1D249A490400011484 /* Build configuration list for PBXNativeTarget "GenericApp" */;
			buildPhases = (
				878D2D05249A490300011484 /* Sources */,
				878D2D06249A490300011484 /* Frameworks */,
				878D2D07249A490300011484 /* Resources */,
				878D2D2C249A498900011484 /* Embed App Extensions */,
			);
			buildRules = (
			);
			dependencies = (
				878D2D2A249A498900011484 /* PBXTargetDependency */,
			);
			name = GenericApp;
			productName = GenericApp;
			productReference = 878D2D09249A490300011484 /* OpenRemote.app */;
			productType = "com.apple.product-type.application";
		};
		878D2D23249A498900011484 /* NotificationService */ = {
			isa = PBXNativeTarget;
			buildConfigurationList = 878D2D2F249A498900011484 /* Build configuration list for PBXNativeTarget "NotificationService" */;
			buildPhases = (
				878D2D20249A498900011484 /* Sources */,
				878D2D21249A498900011484 /* Frameworks */,
				878D2D22249A498900011484 /* Resources */,
			);
			buildRules = (
			);
			dependencies = (
			);
			name = NotificationService;
			productName = NotificationService;
			productReference = 878D2D24249A498900011484 /* NotificationService.appex */;
			productType = "com.apple.product-type.app-extension";
		};
/* End PBXNativeTarget section */

/* Begin PBXProject section */
		878D2D01249A490300011484 /* Project object */ = {
			isa = PBXProject;
			attributes = {
				LastSwiftUpdateCheck = 1140;
				LastUpgradeCheck = 1200;
				ORGANIZATIONNAME = OpenRemote;
				TargetAttributes = {
					878D2D08249A490300011484 = {
						CreatedOnToolsVersion = 11.4;
					};
					878D2D23249A498900011484 = {
						CreatedOnToolsVersion = 11.4;
					};
				};
			};
			buildConfigurationList = 878D2D04249A490300011484 /* Build configuration list for PBXProject "GenericApp" */;
			compatibilityVersion = "Xcode 10.0";
			developmentRegion = en;
			hasScannedForEncodings = 0;
			knownRegions = (
				en,
				Base,
			);
			mainGroup = 878D2D00249A490300011484;
			packageReferences = (
				4C4B11B72D7866D3005E733F /* XCRemoteSwiftPackageReference "firebase-ios-sdk" */,
				4C4B11C22D78670C005E733F /* XCRemoteSwiftPackageReference "IQKeyboardManager" */,
				4C4B11C72D786B16005E733F /* XCRemoteSwiftPackageReference "DropDown" */,
				915C6F6E2D9BD07000D495BD /* XCRemoteSwiftPackageReference "ORLib" */,
			);
			productRefGroup = 878D2D0A249A490300011484 /* Products */;
			projectDirPath = "";
			projectRoot = "";
			targets = (
				878D2D08249A490300011484 /* GenericApp */,
				878D2D23249A498900011484 /* NotificationService */,
			);
		};
/* End PBXProject section */

/* Begin PBXResourcesBuildPhase section */
		878D2D07249A490300011484 /* Resources */ = {
			isa = PBXResourcesBuildPhase;
			buildActionMask = 2147483647;
			files = (
				878D2D19249A490400011484 /* LaunchScreen.storyboard in Resources */,
				4CEDA25D25405B1E00C47E3B /* GoogleService-Info.plist in Resources */,
				878D2D16249A490400011484 /* Preview Assets.xcassets in Resources */,
				878D2D13249A490400011484 /* Assets.xcassets in Resources */,
				4CEDA2A7254074D100C47E3B /* Storyboard.storyboard in Resources */,
			);
			runOnlyForDeploymentPostprocessing = 0;
		};
		878D2D22249A498900011484 /* Resources */ = {
			isa = PBXResourcesBuildPhase;
			buildActionMask = 2147483647;
			files = (
			);
			runOnlyForDeploymentPostprocessing = 0;
		};
/* End PBXResourcesBuildPhase section */

/* Begin PBXSourcesBuildPhase section */
		878D2D05249A490300011484 /* Sources */ = {
			isa = PBXSourcesBuildPhase;
			buildActionMask = 2147483647;
			files = (
				91658F952889C15D000FF05C /* WizardRealmViewController.swift in Sources */,
				4CF3439127A13F2200EB5A0E /* String+Utils.swift in Sources */,
				91543FDE293FA2F20009016E /* SettingsViewController.swift in Sources */,
				915BFDFC29685A7200A4FD67 /* ProjectTableViewCell.swift in Sources */,
				878D2D0D249A490300011484 /* AppDelegate.swift in Sources */,
				910893A0285DB30D00D4ABA7 /* WizardAppViewController.swift in Sources */,
				910893A2285DB37C00D4ABA7 /* WizardDomainViewController.swift in Sources */,
				4CEDA2CE254075D400C47E3B /* SplashViewController.swift in Sources */,
			);
			runOnlyForDeploymentPostprocessing = 0;
		};
		878D2D20249A498900011484 /* Sources */ = {
			isa = PBXSourcesBuildPhase;
			buildActionMask = 2147483647;
			files = (
				878D2D27249A498900011484 /* NotificationService.swift in Sources */,
			);
			runOnlyForDeploymentPostprocessing = 0;
		};
/* End PBXSourcesBuildPhase section */

/* Begin PBXTargetDependency section */
		878D2D2A249A498900011484 /* PBXTargetDependency */ = {
			isa = PBXTargetDependency;
			target = 878D2D23249A498900011484 /* NotificationService */;
			targetProxy = 878D2D29249A498900011484 /* PBXContainerItemProxy */;
		};
/* End PBXTargetDependency section */

/* Begin PBXVariantGroup section */
		878D2D17249A490400011484 /* LaunchScreen.storyboard */ = {
			isa = PBXVariantGroup;
			children = (
				878D2D18249A490400011484 /* Base */,
			);
			name = LaunchScreen.storyboard;
			sourceTree = "<group>";
		};
/* End PBXVariantGroup section */

/* Begin XCBuildConfiguration section */
		878D2D1B249A490400011484 /* Debug */ = {
			isa = XCBuildConfiguration;
			buildSettings = {
				ALWAYS_SEARCH_USER_PATHS = NO;
				CLANG_ANALYZER_NONNULL = YES;
				CLANG_ANALYZER_NUMBER_OBJECT_CONVERSION = YES_AGGRESSIVE;
				CLANG_CXX_LANGUAGE_STANDARD = "gnu++14";
				CLANG_CXX_LIBRARY = "libc++";
				CLANG_ENABLE_MODULES = YES;
				CLANG_ENABLE_OBJC_ARC = YES;
				CLANG_ENABLE_OBJC_WEAK = YES;
				CLANG_WARN_BLOCK_CAPTURE_AUTORELEASING = YES;
				CLANG_WARN_BOOL_CONVERSION = YES;
				CLANG_WARN_COMMA = YES;
				CLANG_WARN_CONSTANT_CONVERSION = YES;
				CLANG_WARN_DEPRECATED_OBJC_IMPLEMENTATIONS = YES;
				CLANG_WARN_DIRECT_OBJC_ISA_USAGE = YES_ERROR;
				CLANG_WARN_DOCUMENTATION_COMMENTS = YES;
				CLANG_WARN_EMPTY_BODY = YES;
				CLANG_WARN_ENUM_CONVERSION = YES;
				CLANG_WARN_INFINITE_RECURSION = YES;
				CLANG_WARN_INT_CONVERSION = YES;
				CLANG_WARN_NON_LITERAL_NULL_CONVERSION = YES;
				CLANG_WARN_OBJC_IMPLICIT_RETAIN_SELF = YES;
				CLANG_WARN_OBJC_LITERAL_CONVERSION = YES;
				CLANG_WARN_OBJC_ROOT_CLASS = YES_ERROR;
				CLANG_WARN_QUOTED_INCLUDE_IN_FRAMEWORK_HEADER = YES;
				CLANG_WARN_RANGE_LOOP_ANALYSIS = YES;
				CLANG_WARN_STRICT_PROTOTYPES = YES;
				CLANG_WARN_SUSPICIOUS_MOVE = YES;
				CLANG_WARN_UNGUARDED_AVAILABILITY = YES_AGGRESSIVE;
				CLANG_WARN_UNREACHABLE_CODE = YES;
				CLANG_WARN__DUPLICATE_METHOD_MATCH = YES;
				COPY_PHASE_STRIP = NO;
				DEBUG_INFORMATION_FORMAT = dwarf;
				ENABLE_STRICT_OBJC_MSGSEND = YES;
				ENABLE_TESTABILITY = YES;
				GCC_C_LANGUAGE_STANDARD = gnu11;
				GCC_DYNAMIC_NO_PIC = NO;
				GCC_NO_COMMON_BLOCKS = YES;
				GCC_OPTIMIZATION_LEVEL = 0;
				GCC_PREPROCESSOR_DEFINITIONS = (
					"DEBUG=1",
					"$(inherited)",
				);
				GCC_WARN_64_TO_32_BIT_CONVERSION = YES;
				GCC_WARN_ABOUT_RETURN_TYPE = YES_ERROR;
				GCC_WARN_UNDECLARED_SELECTOR = YES;
				GCC_WARN_UNINITIALIZED_AUTOS = YES_AGGRESSIVE;
				GCC_WARN_UNUSED_FUNCTION = YES;
				GCC_WARN_UNUSED_VARIABLE = YES;
				IPHONEOS_DEPLOYMENT_TARGET = 14.0;
				MTL_ENABLE_DEBUG_INFO = INCLUDE_SOURCE;
				MTL_FAST_MATH = YES;
				ONLY_ACTIVE_ARCH = YES;
				SDKROOT = iphoneos;
				SWIFT_ACTIVE_COMPILATION_CONDITIONS = DEBUG;
				SWIFT_OPTIMIZATION_LEVEL = "-Onone";
			};
			name = Debug;
		};
		878D2D1C249A490400011484 /* Release */ = {
			isa = XCBuildConfiguration;
			buildSettings = {
				ALWAYS_SEARCH_USER_PATHS = NO;
				CLANG_ANALYZER_NONNULL = YES;
				CLANG_ANALYZER_NUMBER_OBJECT_CONVERSION = YES_AGGRESSIVE;
				CLANG_CXX_LANGUAGE_STANDARD = "gnu++14";
				CLANG_CXX_LIBRARY = "libc++";
				CLANG_ENABLE_MODULES = YES;
				CLANG_ENABLE_OBJC_ARC = YES;
				CLANG_ENABLE_OBJC_WEAK = YES;
				CLANG_WARN_BLOCK_CAPTURE_AUTORELEASING = YES;
				CLANG_WARN_BOOL_CONVERSION = YES;
				CLANG_WARN_COMMA = YES;
				CLANG_WARN_CONSTANT_CONVERSION = YES;
				CLANG_WARN_DEPRECATED_OBJC_IMPLEMENTATIONS = YES;
				CLANG_WARN_DIRECT_OBJC_ISA_USAGE = YES_ERROR;
				CLANG_WARN_DOCUMENTATION_COMMENTS = YES;
				CLANG_WARN_EMPTY_BODY = YES;
				CLANG_WARN_ENUM_CONVERSION = YES;
				CLANG_WARN_INFINITE_RECURSION = YES;
				CLANG_WARN_INT_CONVERSION = YES;
				CLANG_WARN_NON_LITERAL_NULL_CONVERSION = YES;
				CLANG_WARN_OBJC_IMPLICIT_RETAIN_SELF = YES;
				CLANG_WARN_OBJC_LITERAL_CONVERSION = YES;
				CLANG_WARN_OBJC_ROOT_CLASS = YES_ERROR;
				CLANG_WARN_QUOTED_INCLUDE_IN_FRAMEWORK_HEADER = YES;
				CLANG_WARN_RANGE_LOOP_ANALYSIS = YES;
				CLANG_WARN_STRICT_PROTOTYPES = YES;
				CLANG_WARN_SUSPICIOUS_MOVE = YES;
				CLANG_WARN_UNGUARDED_AVAILABILITY = YES_AGGRESSIVE;
				CLANG_WARN_UNREACHABLE_CODE = YES;
				CLANG_WARN__DUPLICATE_METHOD_MATCH = YES;
				COPY_PHASE_STRIP = NO;
				DEBUG_INFORMATION_FORMAT = "dwarf-with-dsym";
				ENABLE_NS_ASSERTIONS = NO;
				ENABLE_STRICT_OBJC_MSGSEND = YES;
				GCC_C_LANGUAGE_STANDARD = gnu11;
				GCC_NO_COMMON_BLOCKS = YES;
				GCC_WARN_64_TO_32_BIT_CONVERSION = YES;
				GCC_WARN_ABOUT_RETURN_TYPE = YES_ERROR;
				GCC_WARN_UNDECLARED_SELECTOR = YES;
				GCC_WARN_UNINITIALIZED_AUTOS = YES_AGGRESSIVE;
				GCC_WARN_UNUSED_FUNCTION = YES;
				GCC_WARN_UNUSED_VARIABLE = YES;
				IPHONEOS_DEPLOYMENT_TARGET = 14.0;
				MTL_ENABLE_DEBUG_INFO = NO;
				MTL_FAST_MATH = YES;
				SDKROOT = iphoneos;
				SWIFT_COMPILATION_MODE = wholemodule;
				SWIFT_OPTIMIZATION_LEVEL = "-O";
				VALIDATE_PRODUCT = YES;
			};
			name = Release;
		};
		878D2D1E249A490400011484 /* Debug */ = {
			isa = XCBuildConfiguration;
			buildSettings = {
				ALWAYS_EMBED_SWIFT_STANDARD_LIBRARIES = "$(inherited)";
				ASSETCATALOG_COMPILER_APPICON_NAME = AppIcon;
				CODE_SIGN_ENTITLEMENTS = GenericApp/OpenRemote.entitlements;
				CODE_SIGN_STYLE = Automatic;
				CURRENT_PROJECT_VERSION = 44;
				DEVELOPMENT_ASSET_PATHS = "";
				DEVELOPMENT_TEAM = 4AC88KZHJZ;
				ENABLE_PREVIEWS = YES;
				INFOPLIST_FILE = GenericApp/Info.plist;
				IPHONEOS_DEPLOYMENT_TARGET = 14.0;
				LD_RUNPATH_SEARCH_PATHS = (
					"$(inherited)",
					"@executable_path/Frameworks",
				);
				MARKETING_VERSION = 1.0.11;
				PRODUCT_BUNDLE_IDENTIFIER = io.openremote.app;
				PRODUCT_NAME = OpenRemote;
				SWIFT_VERSION = 5.0;
				TARGETED_DEVICE_FAMILY = 1;
			};
			name = Debug;
		};
		878D2D1F249A490400011484 /* Release */ = {
			isa = XCBuildConfiguration;
			buildSettings = {
				ALWAYS_EMBED_SWIFT_STANDARD_LIBRARIES = "$(inherited)";
				ASSETCATALOG_COMPILER_APPICON_NAME = AppIcon;
				CODE_SIGN_ENTITLEMENTS = GenericApp/OpenRemote.entitlements;
				CODE_SIGN_STYLE = Automatic;
				CURRENT_PROJECT_VERSION = 44;
				DEVELOPMENT_ASSET_PATHS = "";
				DEVELOPMENT_TEAM = 4AC88KZHJZ;
				ENABLE_PREVIEWS = YES;
				INFOPLIST_FILE = GenericApp/Info.plist;
				IPHONEOS_DEPLOYMENT_TARGET = 14.0;
				LD_RUNPATH_SEARCH_PATHS = (
					"$(inherited)",
					"@executable_path/Frameworks",
				);
				MARKETING_VERSION = 1.0.11;
				PRODUCT_BUNDLE_IDENTIFIER = io.openremote.app;
				PRODUCT_NAME = OpenRemote;
				SWIFT_VERSION = 5.0;
				TARGETED_DEVICE_FAMILY = 1;
			};
			name = Release;
		};
		878D2D2D249A498900011484 /* Debug */ = {
			isa = XCBuildConfiguration;
			buildSettings = {
				APPLICATION_EXTENSION_API_ONLY = YES;
				CODE_SIGN_ENTITLEMENTS = NotificationService/NotificationService.entitlements;
				CODE_SIGN_STYLE = Automatic;
				CURRENT_PROJECT_VERSION = 35;
				DEVELOPMENT_TEAM = 4AC88KZHJZ;
				FRAMEWORK_SEARCH_PATHS = "$(inherited)";
				INFOPLIST_FILE = NotificationService/Info.plist;
				IPHONEOS_DEPLOYMENT_TARGET = 14.0;
				LD_RUNPATH_SEARCH_PATHS = (
					"$(inherited)",
					"@executable_path/Frameworks",
					"@executable_path/../../Frameworks",
				);
				MARKETING_VERSION = 1.0.11;
				PRODUCT_BUNDLE_IDENTIFIER = io.openremote.app.NotificationService;
				PRODUCT_NAME = "$(TARGET_NAME)";
				SKIP_INSTALL = YES;
				SWIFT_VERSION = 5.0;
				TARGETED_DEVICE_FAMILY = 1;
			};
			name = Debug;
		};
		878D2D2E249A498900011484 /* Release */ = {
			isa = XCBuildConfiguration;
			buildSettings = {
				APPLICATION_EXTENSION_API_ONLY = YES;
				CODE_SIGN_ENTITLEMENTS = NotificationService/NotificationService.entitlements;
				CODE_SIGN_STYLE = Automatic;
				CURRENT_PROJECT_VERSION = 35;
				DEVELOPMENT_TEAM = 4AC88KZHJZ;
				FRAMEWORK_SEARCH_PATHS = "$(inherited)";
				INFOPLIST_FILE = NotificationService/Info.plist;
				IPHONEOS_DEPLOYMENT_TARGET = 14.0;
				LD_RUNPATH_SEARCH_PATHS = (
					"$(inherited)",
					"@executable_path/Frameworks",
					"@executable_path/../../Frameworks",
				);
				MARKETING_VERSION = 1.0.11;
				PRODUCT_BUNDLE_IDENTIFIER = io.openremote.app.NotificationService;
				PRODUCT_NAME = "$(TARGET_NAME)";
				SKIP_INSTALL = YES;
				SWIFT_VERSION = 5.0;
				TARGETED_DEVICE_FAMILY = 1;
			};
			name = Release;
		};
/* End XCBuildConfiguration section */

/* Begin XCConfigurationList section */
		878D2D04249A490300011484 /* Build configuration list for PBXProject "GenericApp" */ = {
			isa = XCConfigurationList;
			buildConfigurations = (
				878D2D1B249A490400011484 /* Debug */,
				878D2D1C249A490400011484 /* Release */,
			);
			defaultConfigurationIsVisible = 0;
			defaultConfigurationName = Release;
		};
		878D2D1D249A490400011484 /* Build configuration list for PBXNativeTarget "GenericApp" */ = {
			isa = XCConfigurationList;
			buildConfigurations = (
				878D2D1E249A490400011484 /* Debug */,
				878D2D1F249A490400011484 /* Release */,
			);
			defaultConfigurationIsVisible = 0;
			defaultConfigurationName = Release;
		};
		878D2D2F249A498900011484 /* Build configuration list for PBXNativeTarget "NotificationService" */ = {
			isa = XCConfigurationList;
			buildConfigurations = (
				878D2D2D249A498900011484 /* Debug */,
				878D2D2E249A498900011484 /* Release */,
			);
			defaultConfigurationIsVisible = 0;
			defaultConfigurationName = Release;
		};
/* End XCConfigurationList section */

/* Begin XCRemoteSwiftPackageReference section */
		4C4B11B72D7866D3005E733F /* XCRemoteSwiftPackageReference "firebase-ios-sdk" */ = {
			isa = XCRemoteSwiftPackageReference;
			repositoryURL = "https://github.com/firebase/firebase-ios-sdk.git";
			requirement = {
				kind = upToNextMajorVersion;
				minimumVersion = 11.9.0;
			};
		};
		4C4B11C22D78670C005E733F /* XCRemoteSwiftPackageReference "IQKeyboardManager" */ = {
			isa = XCRemoteSwiftPackageReference;
			repositoryURL = "https://github.com/hackiftekhar/IQKeyboardManager.git";
			requirement = {
				kind = upToNextMajorVersion;
				minimumVersion = 8.0.0;
			};
		};
		4C4B11C72D786B16005E733F /* XCRemoteSwiftPackageReference "DropDown" */ = {
			isa = XCRemoteSwiftPackageReference;
			repositoryURL = "https://github.com/AssistoLab/DropDown.git";
			requirement = {
				branch = master;
				kind = branch;
			};
		};
		915C6F6E2D9BD07000D495BD /* XCRemoteSwiftPackageReference "ORLib" */ = {
			isa = XCRemoteSwiftPackageReference;
			repositoryURL = "https://github.com/openremote/ORLib.git";
			requirement = {
				kind = upToNextMajorVersion;
				minimumVersion = 0.4.0;
			};
		};
/* End XCRemoteSwiftPackageReference section */

/* Begin XCSwiftPackageProductDependency section */
		4C4B11B52D786665005E733F /* ORLib */ = {
			isa = XCSwiftPackageProductDependency;
			productName = ORLib;
		};
		4C4B11B82D7866D3005E733F /* FirebaseAnalytics */ = {
			isa = XCSwiftPackageProductDependency;
			package = 4C4B11B72D7866D3005E733F /* XCRemoteSwiftPackageReference "firebase-ios-sdk" */;
			productName = FirebaseAnalytics;
		};
		4C4B11C32D78670C005E733F /* IQKeyboardManagerSwift */ = {
			isa = XCSwiftPackageProductDependency;
			package = 4C4B11C22D78670C005E733F /* XCRemoteSwiftPackageReference "IQKeyboardManager" */;
			productName = IQKeyboardManagerSwift;
		};
		4C4B11C52D786851005E733F /* ORLib */ = {
			isa = XCSwiftPackageProductDependency;
			productName = ORLib;
		};
		4C4B11C82D786B16005E733F /* DropDown */ = {
			isa = XCSwiftPackageProductDependency;
			package = 4C4B11C72D786B16005E733F /* XCRemoteSwiftPackageReference "DropDown" */;
			productName = DropDown;
		};
		4C4B11CA2D787829005E733F /* FirebaseCrashlytics */ = {
			isa = XCSwiftPackageProductDependency;
			package = 4C4B11B72D7866D3005E733F /* XCRemoteSwiftPackageReference "firebase-ios-sdk" */;
			productName = FirebaseCrashlytics;
		};
		4C4B11CC2D787829005E733F /* FirebaseMessaging */ = {
			isa = XCSwiftPackageProductDependency;
			package = 4C4B11B72D7866D3005E733F /* XCRemoteSwiftPackageReference "firebase-ios-sdk" */;
			productName = FirebaseMessaging;
		};
		915C6F6F2D9BD07000D495BD /* ORLib */ = {
			isa = XCSwiftPackageProductDependency;
			package = 915C6F6E2D9BD07000D495BD /* XCRemoteSwiftPackageReference "ORLib" */;
			productName = ORLib;
		};
/* End XCSwiftPackageProductDependency section */
	};
	rootObject = 878D2D01249A490300011484 /* Project object */;
}
